{
  "name": "07_thirdpartymodules",
  "version": "1.0.0",
  "lockfileVersion": 1,
  "requires": true,
  "dependencies": {
    "countries-list": {
      "version": "2.5.1",
      "resolved": "https://registry.npmjs.org/countries-list/-/countries-list-2.5.1.tgz",
      "integrity": "sha512-ht9obORj0Im7BqGfqlqTd7qLNMuuhdCvFMKmWx15ZQjpGVddd+018LOegE4J1wLtiZ5TYC/KhivkOYmelqSNLg=="
    }
  }
}
